Microsoft Visual Studio Solution File, Format Version 12.00
# Visual Studio 15
VisualStudioVersion = 15.0.27703.2042
MinimumVisualStudioVersion = 10.0.40219.1
Project("{FAE04EC0-301F-11D3-BF4B-00C04F79EFBC}") = "Blues", "Blues.csproj", "{FB96AEC5-B1E5-4AA9-AB03-050480356E55}"
EndProject
Global
	GlobalSection(SolutionConfigurationPlatforms) = preSolution
		Debug|Any CPU = Debug|Any CPU
		Release|Any CPU = Release|Any CPU
		Tools|Any CPU = Tools|Any CPU
	EndGlobalSection
	GlobalSection(ProjectConfigurationPlatforms) = postSolution
		{FB96AEC5-B1E5-4AA9-AB03-050480356E55}.Debug|Any CPU.ActiveCfg = Debug|Any CPU
		{FB96AEC5-B1E5-4AA9-AB03-050480356E55}.Debug|Any CPU.Build.0 = Debug|Any CPU
		{FB96AEC5-B1E5-4AA9-AB03-050480356E55}.Release|Any CPU.ActiveCfg = Release|Any CPU
		{FB96AEC5-B1E5-4AA9-AB03-050480356E55}.Release|Any CPU.Build.0 = Release|Any CPU
		{FB96AEC5-B1E5-4AA9-AB03-050480356E55}.Tools|Any CPU.ActiveCfg = Tools|Any CPU
		{FB96AEC5-B1E5-4AA9-AB03-050480356E55}.Tools|Any CPU.Build.0 = Tools|Any CPU
	EndGlobalSection
	GlobalSection(SolutionProperties) = preSolution
		HideSolutionNode = FALSE
	EndGlobalSection
	GlobalSection(ExtensibilityGlobals) = postSolution
		SolutionGuid = {6FDF61BA-2889-43CF-B542-A5F8F7DD0CC1}
	EndGlobalSection
EndGlobal
